
Microsoft Visual Studio Solution File, Format Version 12.00
# Visual Studio Version 17
VisualStudioVersion = 17.3.32929.385
MinimumVisualStudioVersion = 10.0.40219.1
Project("{9A19103F-16F7-4668-BE54-9A1E7A4F7556}") = "Aspose.Slides.WebExtensions", "Aspose.Slides.WebExtensions\Aspose.Slides.WebExtensions.csproj", "{AABEF57B-0C3C-4E40-8820-DA99FEA383F4}"
EndProject
Project("{9A19103F-16F7-4668-BE54-9A1E7A4F7556}") = "SinglePageApp", "Examples\SinglePageApp\SinglePageApp.csproj", "{0D5F1775-138A-4824-A743-BBCE5BF1D622}"
EndProject
Project("{9A19103F-16F7-4668-BE54-9A1E7A4F7556}") = "MultiPageApp", "Examples\MultiPageApp\MultiPageApp.csproj", "{1DA74619-5C8F-415E-8501-33430A1B1DB5}"
EndProject
Project("{FAE04EC0-301F-11D3-BF4B-00C04F79EFBC}") = "Aspose.Slides.WebExtensions.Tests", "Aspose.Slides.WebExtensions.Tests\Aspose.Slides.WebExtensions.Tests.csproj", "{0211810C-BCC5-41F7-AC1A-504FF46AB624}"
EndProject
Global
	GlobalSection(SolutionConfigurationPlatforms) = preSolution
		Debug|Any CPU = Debug|Any CPU
		Release|Any CPU = Release|Any CPU
	EndGlobalSection
	GlobalSection(ProjectConfigurationPlatforms) = postSolution
		{AABEF57B-0C3C-4E40-8820-DA99FEA383F4}.Debug|Any CPU.ActiveCfg = Debug|Any CPU
		{AABEF57B-0C3C-4E40-8820-DA99FEA383F4}.Debug|Any CPU.Build.0 = Debug|Any CPU
		{AABEF57B-0C3C-4E40-8820-DA99FEA383F4}.Release|Any CPU.ActiveCfg = Release|Any CPU
		{AABEF57B-0C3C-4E40-8820-DA99FEA383F4}.Release|Any CPU.Build.0 = Release|Any CPU
		{0D5F1775-138A-4824-A743-BBCE5BF1D622}.Debug|Any CPU.ActiveCfg = Debug|Any CPU
		{0D5F1775-138A-4824-A743-BBCE5BF1D622}.Debug|Any CPU.Build.0 = Debug|Any CPU
		{0D5F1775-138A-4824-A743-BBCE5BF1D622}.Release|Any CPU.ActiveCfg = Release|Any CPU
		{0D5F1775-138A-4824-A743-BBCE5BF1D622}.Release|Any CPU.Build.0 = Release|Any CPU
		{1DA74619-5C8F-415E-8501-33430A1B1DB5}.Debug|Any CPU.ActiveCfg = Debug|Any CPU
		{1DA74619-5C8F-415E-8501-33430A1B1DB5}.Debug|Any CPU.Build.0 = Debug|Any CPU
		{1DA74619-5C8F-415E-8501-33430A1B1DB5}.Release|Any CPU.ActiveCfg = Release|Any CPU
		{1DA74619-5C8F-415E-8501-33430A1B1DB5}.Release|Any CPU.Build.0 = Release|Any CPU
		{0211810C-BCC5-41F7-AC1A-504FF46AB624}.Debug|Any CPU.ActiveCfg = Debug|Any CPU
		{0211810C-BCC5-41F7-AC1A-504FF46AB624}.Debug|Any CPU.Build.0 = Debug|Any CPU
		{0211810C-BCC5-41F7-AC1A-504FF46AB624}.Release|Any CPU.ActiveCfg = Release|Any CPU
		{0211810C-BCC5-41F7-AC1A-504FF46AB624}.Release|Any CPU.Build.0 = Release|Any CPU
	EndGlobalSection
	GlobalSection(SolutionProperties) = preSolution
		HideSolutionNode = FALSE
	EndGlobalSection
	GlobalSection(ExtensibilityGlobals) = postSolution
		SolutionGuid = {2059F6D5-EFAF-4988-8CFF-92C1D43A7427}
	EndGlobalSection
EndGlobal
